
Microsoft Visual Studio Solution File, Format Version 12.00
# Visual Studio Version 16
VisualStudioVersion = 16.0.808.6
MinimumVisualStudioVersion = 10.0.40219.1
Project("{FAE04EC0-301F-11D3-BF4B-00C04F79EFBC}") = "Podium-API", "Podium-API\Podium-API.csproj", "{CAC90807-90C9-423D-AFAE-710179079B58}"
EndProject
Global
	GlobalSection(SolutionConfigurationPlatforms) = preSolution
		Debug|Any CPU = Debug|Any CPU
		Release|Any CPU = Release|Any CPU
	EndGlobalSection
	GlobalSection(ProjectConfigurationPlatforms) = postSolution
		{CAC90807-90C9-423D-AFAE-710179079B58}.Debug|Any CPU.ActiveCfg = Debug|Any CPU
		{CAC90807-90C9-423D-AFAE-710179079B58}.Debug|Any CPU.Build.0 = Debug|Any CPU
		{CAC90807-90C9-423D-AFAE-710179079B58}.Release|Any CPU.ActiveCfg = Release|Any CPU
		{CAC90807-90C9-423D-AFAE-710179079B58}.Release|Any CPU.Build.0 = Release|Any CPU
	EndGlobalSection
	GlobalSection(SolutionProperties) = preSolution
		HideSolutionNode = FALSE
	EndGlobalSection
	GlobalSection(ExtensibilityGlobals) = postSolution
		SolutionGuid = {6CE28419-C80B-4472-98BC-4C6E6D8D035E}
	EndGlobalSection
EndGlobal
